
Microsoft Visual Studio Solution File, Format Version 12.00
# Visual Studio Version 16
VisualStudioVersion = 16.0.29613.14
MinimumVisualStudioVersion = 10.0.40219.1
Project("{FAE04EC0-301F-11D3-BF4B-00C04F79EFBC}") = "NewAndNotificationAPI", "NewAndNotificationAPI.csproj", "{FC67CC9B-9ACD-4D83-9459-FE579B015FE5}"
EndProject
Global
	GlobalSection(SolutionConfigurationPlatforms) = preSolution
		Debug|Any CPU = Debug|Any CPU
		Release|Any CPU = Release|Any CPU
	EndGlobalSection
	GlobalSection(ProjectConfigurationPlatforms) = postSolution
		{FC67CC9B-9ACD-4D83-9459-FE579B015FE5}.Debug|Any CPU.ActiveCfg = Debug|Any CPU
		{FC67CC9B-9ACD-4D83-9459-FE579B015FE5}.Debug|Any CPU.Build.0 = Debug|Any CPU
		{FC67CC9B-9ACD-4D83-9459-FE579B015FE5}.Release|Any CPU.ActiveCfg = Release|Any CPU
		{FC67CC9B-9ACD-4D83-9459-FE579B015FE5}.Release|Any CPU.Build.0 = Release|Any CPU
	EndGlobalSection
	GlobalSection(SolutionProperties) = preSolution
		HideSolutionNode = FALSE
	EndGlobalSection
	GlobalSection(ExtensibilityGlobals) = postSolution
		SolutionGuid = {49386303-DA5E-4E30-9399-15FC5B311E17}
	EndGlobalSection
EndGlobal
